
Microsoft Visual Studio Solution File, Format Version 12.00
# Visual Studio Version 17
VisualStudioVersion = 17.0.32112.339
MinimumVisualStudioVersion = 10.0.40219.1
Project("{2150E333-8FDC-42A3-9474-1A3956D46DE8}") = "src", "src", "{15F5FA54-7DDD-4EC7-BD6F-F873081358D8}"
EndProject
Project("{2150E333-8FDC-42A3-9474-1A3956D46DE8}") = "tests", "tests", "{B49343BD-1A76-4AD0-AE3C-D4D9186A4F50}"
EndProject
Project("{2150E333-8FDC-42A3-9474-1A3956D46DE8}") = "Hosting", "Hosting", "{8965B3D3-D74F-45E0-9BAD-4C5FB123FC89}"
EndProject
Project("{2150E333-8FDC-42A3-9474-1A3956D46DE8}") = "Domain", "Domain", "{F15164E5-D262-40F0-B42B-30BE71C19C01}"
EndProject
Project("{2150E333-8FDC-42A3-9474-1A3956D46DE8}") = "Service", "Service", "{E3759851-63BF-4500-8D45-AB5D5CE6C91E}"
EndProject
Project("{2150E333-8FDC-42A3-9474-1A3956D46DE8}") = "Providers", "Providers", "{25C5EC92-E76D-4234-8667-0FEA5DBA5AC7}"
EndProject
Project("{2150E333-8FDC-42A3-9474-1A3956D46DE8}") = "Hosting", "Hosting", "{2A8F9A97-2CA7-454D-9CC2-82CB6515C638}"
EndProject
Project("{2150E333-8FDC-42A3-9474-1A3956D46DE8}") = "Service", "Service", "{6E514C00-E45A-47C6-BA60-7E37AC1D2CAC}"
EndProject
Project("{9A19103F-16F7-4668-BE54-9A1E7A4F7556}") = "Ofgem.Web.BUS.ConsentPortal.WebApp", "src\Hosting\Ofgem.Web.BUS.ConsentPortal.WebApp\Ofgem.Web.BUS.ConsentPortal.WebApp.csproj", "{FF445735-0D39-49B7-B0B5-F35287EC5244}"
EndProject
Project("{9A19103F-16F7-4668-BE54-9A1E7A4F7556}") = "Ofgem.Web.BUS.ConsentPortal.Domain", "src\Domain\Ofgem.Web.BUS.ConsentPortal.Domain\Ofgem.Web.BUS.ConsentPortal.Domain.csproj", "{0C9F67CD-522C-4DB7-B343-0E0D51CB17AC}"
EndProject
Project("{9A19103F-16F7-4668-BE54-9A1E7A4F7556}") = "Ofgem.Web.BUS.ConsentPortal.Providers.Data", "src\Providers\Ofgem.Web.BUS.ConsentPortal.Providers.Data\Ofgem.Web.BUS.ConsentPortal.Providers.Data.csproj", "{F0837739-C88E-4DF8-BAA1-505093E98F2A}"
EndProject
Project("{9A19103F-16F7-4668-BE54-9A1E7A4F7556}") = "Ofgem.Web.BUS.ConsentPortal.Core", "src\Service\Ofgem.Web.BUS.ConsentPortal.Core\Ofgem.Web.BUS.ConsentPortal.Core.csproj", "{17D7CBDC-6F44-4392-BE5D-C2A3A4C42C7F}"
EndProject
Project("{2150E333-8FDC-42A3-9474-1A3956D46DE8}") = "Domain", "Domain", "{97296BDB-A871-49C6-BE7E-7C2DEC793AF8}"
EndProject
Project("{9A19103F-16F7-4668-BE54-9A1E7A4F7556}") = "Ofgem.Web.BUS.ConsentPortal.WebApp.UnitTests", "tests\Hosting\Ofgem.Web.BUS.ConsentPortal.WebApp.UnitTests\Ofgem.Web.BUS.ConsentPortal.WebApp.UnitTests.csproj", "{E15FD8CD-C401-4E9F-B22F-9834D5DF1CDB}"
EndProject
Project("{9A19103F-16F7-4668-BE54-9A1E7A4F7556}") = "Ofgem.Web.BUS.ConsentPortal.Core.UnitTests", "tests\Service\Ofgem.Web.BUS.ConsentPortal.Core.UnitTests\Ofgem.Web.BUS.ConsentPortal.Core.UnitTests.csproj", "{3DF24926-B94D-4DFA-ABDB-01F39EE4949E}"
EndProject
Project("{9A19103F-16F7-4668-BE54-9A1E7A4F7556}") = "Ofgem.Web.BUS.ConsentPortal.Domain.UnitTests", "tests\Domain\Ofgem.Web.BUS.ConsentPortal.Domain.UnitTests\Ofgem.Web.BUS.ConsentPortal.Domain.UnitTests.csproj", "{40913F44-7F05-46AB-9E4D-F962A7C54E1D}"
EndProject
Global
	GlobalSection(SolutionConfigurationPlatforms) = preSolution
		Debug|Any CPU = Debug|Any CPU
		Release|Any CPU = Release|Any CPU
	EndGlobalSection
	GlobalSection(ProjectConfigurationPlatforms) = postSolution
		{FF445735-0D39-49B7-B0B5-F35287EC5244}.Debug|Any CPU.ActiveCfg = Debug|Any CPU
		{FF445735-0D39-49B7-B0B5-F35287EC5244}.Debug|Any CPU.Build.0 = Debug|Any CPU
		{FF445735-0D39-49B7-B0B5-F35287EC5244}.Release|Any CPU.ActiveCfg = Release|Any CPU
		{FF445735-0D39-49B7-B0B5-F35287EC5244}.Release|Any CPU.Build.0 = Release|Any CPU
		{0C9F67CD-522C-4DB7-B343-0E0D51CB17AC}.Debug|Any CPU.ActiveCfg = Debug|Any CPU
		{0C9F67CD-522C-4DB7-B343-0E0D51CB17AC}.Debug|Any CPU.Build.0 = Debug|Any CPU
		{0C9F67CD-522C-4DB7-B343-0E0D51CB17AC}.Release|Any CPU.ActiveCfg = Release|Any CPU
		{0C9F67CD-522C-4DB7-B343-0E0D51CB17AC}.Release|Any CPU.Build.0 = Release|Any CPU
		{F0837739-C88E-4DF8-BAA1-505093E98F2A}.Debug|Any CPU.ActiveCfg = Debug|Any CPU
		{F0837739-C88E-4DF8-BAA1-505093E98F2A}.Debug|Any CPU.Build.0 = Debug|Any CPU
		{F0837739-C88E-4DF8-BAA1-505093E98F2A}.Release|Any CPU.ActiveCfg = Release|Any CPU
		{F0837739-C88E-4DF8-BAA1-505093E98F2A}.Release|Any CPU.Build.0 = Release|Any CPU
		{17D7CBDC-6F44-4392-BE5D-C2A3A4C42C7F}.Debug|Any CPU.ActiveCfg = Debug|Any CPU
		{17D7CBDC-6F44-4392-BE5D-C2A3A4C42C7F}.Debug|Any CPU.Build.0 = Debug|Any CPU
		{17D7CBDC-6F44-4392-BE5D-C2A3A4C42C7F}.Release|Any CPU.ActiveCfg = Release|Any CPU
		{17D7CBDC-6F44-4392-BE5D-C2A3A4C42C7F}.Release|Any CPU.Build.0 = Release|Any CPU
		{E15FD8CD-C401-4E9F-B22F-9834D5DF1CDB}.Debug|Any CPU.ActiveCfg = Debug|Any CPU
		{E15FD8CD-C401-4E9F-B22F-9834D5DF1CDB}.Debug|Any CPU.Build.0 = Debug|Any CPU
		{E15FD8CD-C401-4E9F-B22F-9834D5DF1CDB}.Release|Any CPU.ActiveCfg = Release|Any CPU
		{E15FD8CD-C401-4E9F-B22F-9834D5DF1CDB}.Release|Any CPU.Build.0 = Release|Any CPU
		{3DF24926-B94D-4DFA-ABDB-01F39EE4949E}.Debug|Any CPU.ActiveCfg = Debug|Any CPU
		{3DF24926-B94D-4DFA-ABDB-01F39EE4949E}.Debug|Any CPU.Build.0 = Debug|Any CPU
		{3DF24926-B94D-4DFA-ABDB-01F39EE4949E}.Release|Any CPU.ActiveCfg = Release|Any CPU
		{3DF24926-B94D-4DFA-ABDB-01F39EE4949E}.Release|Any CPU.Build.0 = Release|Any CPU
		{40913F44-7F05-46AB-9E4D-F962A7C54E1D}.Debug|Any CPU.ActiveCfg = Debug|Any CPU
		{40913F44-7F05-46AB-9E4D-F962A7C54E1D}.Debug|Any CPU.Build.0 = Debug|Any CPU
		{40913F44-7F05-46AB-9E4D-F962A7C54E1D}.Release|Any CPU.ActiveCfg = Release|Any CPU
		{40913F44-7F05-46AB-9E4D-F962A7C54E1D}.Release|Any CPU.Build.0 = Release|Any CPU
	EndGlobalSection
	GlobalSection(SolutionProperties) = preSolution
		HideSolutionNode = FALSE
	EndGlobalSection
	GlobalSection(NestedProjects) = preSolution
		{8965B3D3-D74F-45E0-9BAD-4C5FB123FC89} = {15F5FA54-7DDD-4EC7-BD6F-F873081358D8}
		{F15164E5-D262-40F0-B42B-30BE71C19C01} = {15F5FA54-7DDD-4EC7-BD6F-F873081358D8}
		{E3759851-63BF-4500-8D45-AB5D5CE6C91E} = {15F5FA54-7DDD-4EC7-BD6F-F873081358D8}
		{25C5EC92-E76D-4234-8667-0FEA5DBA5AC7} = {15F5FA54-7DDD-4EC7-BD6F-F873081358D8}
		{2A8F9A97-2CA7-454D-9CC2-82CB6515C638} = {B49343BD-1A76-4AD0-AE3C-D4D9186A4F50}
		{6E514C00-E45A-47C6-BA60-7E37AC1D2CAC} = {B49343BD-1A76-4AD0-AE3C-D4D9186A4F50}
		{FF445735-0D39-49B7-B0B5-F35287EC5244} = {8965B3D3-D74F-45E0-9BAD-4C5FB123FC89}
		{0C9F67CD-522C-4DB7-B343-0E0D51CB17AC} = {F15164E5-D262-40F0-B42B-30BE71C19C01}
		{F0837739-C88E-4DF8-BAA1-505093E98F2A} = {25C5EC92-E76D-4234-8667-0FEA5DBA5AC7}
		{17D7CBDC-6F44-4392-BE5D-C2A3A4C42C7F} = {E3759851-63BF-4500-8D45-AB5D5CE6C91E}
		{97296BDB-A871-49C6-BE7E-7C2DEC793AF8} = {B49343BD-1A76-4AD0-AE3C-D4D9186A4F50}
		{E15FD8CD-C401-4E9F-B22F-9834D5DF1CDB} = {2A8F9A97-2CA7-454D-9CC2-82CB6515C638}
		{3DF24926-B94D-4DFA-ABDB-01F39EE4949E} = {6E514C00-E45A-47C6-BA60-7E37AC1D2CAC}
		{40913F44-7F05-46AB-9E4D-F962A7C54E1D} = {97296BDB-A871-49C6-BE7E-7C2DEC793AF8}
	EndGlobalSection
	GlobalSection(ExtensibilityGlobals) = postSolution
		SolutionGuid = {D485901C-DE9B-4CAA-9818-9DA12E58CD0E}
	EndGlobalSection
EndGlobal
